{
  "name": "@binom/sdk-core",
  "version": "1.0.4",
  "lockfileVersion": 3,
  "requires": true,
  "packages": {
    "": {
      "name": "@binom/sdk-core",
      "version": "1.0.4",
      "license": "MIT",
      "dependencies": {
        "tslib": "^2.3.0"
      },
      "devDependencies": {
        "copyfiles": "file:../../node_modules/copyfiles",
        "typescript": "file:../../node_modules/typescript"
      },
      "peerDependencies": {
        "@angular/common": "^17.0.0",
        "@angular/core": "^17.0.0",
        "@ngx-translate/core": "^15.0.0"
      }
    },
    "../../node_modules/copyfiles": {
      "dev": true
    },
    "../../node_modules/typescript": {
      "dev": true
    },
    "node_modules/@angular/common": {
      "version": "17.0.4",
      "resolved": "https://registry.npmjs.org/@angular/common/-/common-17.0.4.tgz",
      "integrity": "sha512-/y38PbuiaWOuOmP5ZELTlJSjZGijc6Nq2XQloT5pKsaH935prxPjyWazwlY6cUnJMQgSRU644/ULosDJec7Zxw==",
      "peer": true,
      "dependencies": {
        "tslib": "^2.3.0"
      },
      "engines": {
        "node": "^18.13.0 || >=20.9.0"
      },
      "peerDependencies": {
        "@angular/core": "17.0.4",
        "rxjs": "^6.5.3 || ^7.4.0"
      }
    },
    "node_modules/@angular/core": {
      "version": "17.0.4",
      "resolved": "https://registry.npmjs.org/@angular/core/-/core-17.0.4.tgz",
      "integrity": "sha512-zk+z5sYPZd87pLxECx27quB5FvSmoi9PjJlcSlaBwwqaGnh/tPJI14u3q1dRY/CoZgP9egEiwc428+DzvOzJew==",
      "peer": true,
      "dependencies": {
        "tslib": "^2.3.0"
      },
      "engines": {
        "node": "^18.13.0 || >=20.9.0"
      },
      "peerDependencies": {
        "rxjs": "^6.5.3 || ^7.4.0",
        "zone.js": "~0.14.0"
      }
    },
    "node_modules/@ngx-translate/core": {
      "version": "15.0.0",
      "resolved": "https://registry.npmjs.org/@ngx-translate/core/-/core-15.0.0.tgz",
      "integrity": "sha512-Am5uiuR0bOOxyoercDnAA3rJVizo4RRqJHo8N3RqJ+XfzVP/I845yEnMADykOHvM6HkVm4SZSnJBOiz0Anx5BA==",
      "peer": true,
      "engines": {
        "node": "^16.13.0 || >=18.10.0"
      },
      "peerDependencies": {
        "@angular/common": ">=16.0.0",
        "@angular/core": ">=16.0.0",
        "rxjs": "^6.5.5 || ^7.4.0"
      }
    },
    "node_modules/copyfiles": {
      "resolved": "../../node_modules/copyfiles",
      "link": true
    },
    "node_modules/rxjs": {
      "version": "7.8.1",
      "resolved": "https://registry.npmjs.org/rxjs/-/rxjs-7.8.1.tgz",
      "integrity": "sha512-AA3TVj+0A2iuIoQkWEK/tqFjBq2j+6PO6Y0zJcvzLAFhEFIO3HL0vls9hWLncZbAAbK0mar7oZ4V079I/qPMxg==",
      "peer": true,
      "dependencies": {
        "tslib": "^2.1.0"
      }
    },
    "node_modules/tslib": {
      "version": "2.6.2",
      "resolved": "https://registry.npmjs.org/tslib/-/tslib-2.6.2.tgz",
      "integrity": "sha512-AEYxH93jGFPn/a2iVAwW87VuUIkR1FVUKB77NwMF7nBTDkDrrT/Hpt/IrCJ0QXhW27jTBDcf5ZY7w6RiqTMw2Q=="
    },
    "node_modules/typescript": {
      "resolved": "../../node_modules/typescript",
      "link": true
    },
    "node_modules/zone.js": {
      "version": "0.14.2",
      "resolved": "https://registry.npmjs.org/zone.js/-/zone.js-0.14.2.tgz",
      "integrity": "sha512-X4U7J1isDhoOmHmFWiLhloWc2lzMkdnumtfQ1LXzf/IOZp5NQYuMUTaviVzG/q1ugMBIXzin2AqeVJUoSEkNyQ==",
      "peer": true,
      "dependencies": {
        "tslib": "^2.3.0"
      }
    }
  }
}
